
Microsoft Visual Studio Solution File, Format Version 12.00
# Visual Studio Version 17
VisualStudioVersion = 17.8.34330.188
MinimumVisualStudioVersion = 10.0.40219.1
Project("{FAE04EC0-301F-11D3-BF4B-00C04F79EFBC}") = "HttpClientDataFetchExample", "HttpClientDataFetchExample\HttpClientDataFetchExample.csproj", "{757E6FDC-CB3C-41E9-81E0-23575A9CCB26}"
EndProject
Global
	GlobalSection(SolutionConfigurationPlatforms) = preSolution
		Debug|Any CPU = Debug|Any CPU
		Release|Any CPU = Release|Any CPU
	EndGlobalSection
	GlobalSection(ProjectConfigurationPlatforms) = postSolution
		{757E6FDC-CB3C-41E9-81E0-23575A9CCB26}.Debug|Any CPU.ActiveCfg = Debug|Any CPU
		{757E6FDC-CB3C-41E9-81E0-23575A9CCB26}.Debug|Any CPU.Build.0 = Debug|Any CPU
		{757E6FDC-CB3C-41E9-81E0-23575A9CCB26}.Release|Any CPU.ActiveCfg = Release|Any CPU
		{757E6FDC-CB3C-41E9-81E0-23575A9CCB26}.Release|Any CPU.Build.0 = Release|Any CPU
	EndGlobalSection
	GlobalSection(SolutionProperties) = preSolution
		HideSolutionNode = FALSE
	EndGlobalSection
	GlobalSection(ExtensibilityGlobals) = postSolution
		SolutionGuid = {F06F8A19-BEF0-4154-8D14-C0246CE026E2}
	EndGlobalSection
EndGlobal
